
Microsoft Visual Studio Solution File, Format Version 12.00
# Visual Studio Version 17
VisualStudioVersion = 17.11.35111.106
MinimumVisualStudioVersion = 10.0.40219.1
Project("{9A19103F-16F7-4668-BE54-9A1E7A4F7556}") = "BlackBoardWebApi", "BlackBoardWebApi\BlackBoardWebApi.csproj", "{8430DD36-825E-421A-8DD3-93D273C95F21}"
EndProject
Project("{C7167F0D-BC9F-4E6E-AFE1-012C56B48DB5}") = "BlackBoardPackage", "BlackBoardPackage\BlackBoardPackage.wapproj", "{28555EAD-D9FE-4033-BE37-2E2C3841D26A}"
EndProject
Project("{2150E333-8FDC-42A3-9474-1A3956D46DE8}") = "WinForms", "WinForms", "{5F2864F2-CA21-420B-A5F7-167A82636D29}"
EndProject
Project("{2150E333-8FDC-42A3-9474-1A3956D46DE8}") = "WebApi", "WebApi", "{50141AEF-D838-4B96-9F8D-C24631C83F47}"
EndProject
Project("{2150E333-8FDC-42A3-9474-1A3956D46DE8}") = "Generic", "Generic", "{797BA350-5040-4E7A-9335-85AFEF6BFE02}"
EndProject
Project("{9A19103F-16F7-4668-BE54-9A1E7A4F7556}") = "BlackBoard.XF", "BlackBoard.XForms\BlackBoard.XF.csproj", "{54FA477F-36D9-46FB-A6CB-5CE19678754C}"
EndProject
Project("{2150E333-8FDC-42A3-9474-1A3956D46DE8}") = "Mobile", "Mobile", "{5F807BBE-2B48-44BB-A858-203D444C193C}"
EndProject
Project("{FAE04EC0-301F-11D3-BF4B-00C04F79EFBC}") = "BlackBoard.Android", "BlackBoard.Android\BlackBoard.Android.csproj", "{79494F01-465E-478A-A221-B0BDB6E2C91C}"
EndProject
Project("{FAE04EC0-301F-11D3-BF4B-00C04F79EFBC}") = "BlackBoard.iOS", "BlackBoard.iOS\BlackBoard.iOS.csproj", "{5A8A1BD5-B6F3-4FF0-8097-9AC2970F0E0C}"
EndProject
Project("{9A19103F-16F7-4668-BE54-9A1E7A4F7556}") = "BlackBoard.Models", "BlackBoard.Models\BlackBoard.Models.csproj", "{04201704-C140-4270-A708-B38B2836B5CD}"
EndProject
Project("{9A19103F-16F7-4668-BE54-9A1E7A4F7556}") = "BlackBoard.ClientServices", "BlackBoard.ClientServices\BlackBoard.ClientServices.csproj", "{2110D13C-CBBD-4541-B34D-7D03B74A4B52}"
EndProject
Project("{9A19103F-16F7-4668-BE54-9A1E7A4F7556}") = "Blackboard.WinForms", "Blackboard.WinForms\Blackboard.WinForms.csproj", "{7803F5F4-6064-4A7B-83F6-266A4CEEB3E9}"
EndProject
Global
	GlobalSection(SolutionConfigurationPlatforms) = preSolution
		Debug|Any CPU = Debug|Any CPU
		Debug|ARM = Debug|ARM
		Debug|ARM64 = Debug|ARM64
		Debug|iPhone = Debug|iPhone
		Debug|iPhoneSimulator = Debug|iPhoneSimulator
		Debug|x64 = Debug|x64
		Debug|x86 = Debug|x86
		Release|Any CPU = Release|Any CPU
		Release|ARM = Release|ARM
		Release|ARM64 = Release|ARM64
		Release|iPhone = Release|iPhone
		Release|iPhoneSimulator = Release|iPhoneSimulator
		Release|x64 = Release|x64
		Release|x86 = Release|x86
	EndGlobalSection
	GlobalSection(ProjectConfigurationPlatforms) = postSolution
		{8430DD36-825E-421A-8DD3-93D273C95F21}.Debug|Any CPU.ActiveCfg = Debug|Any CPU
		{8430DD36-825E-421A-8DD3-93D273C95F21}.Debug|Any CPU.Build.0 = Debug|Any CPU
		{8430DD36-825E-421A-8DD3-93D273C95F21}.Debug|ARM.ActiveCfg = Debug|Any CPU
		{8430DD36-825E-421A-8DD3-93D273C95F21}.Debug|ARM.Build.0 = Debug|Any CPU
		{8430DD36-825E-421A-8DD3-93D273C95F21}.Debug|ARM64.ActiveCfg = Debug|Any CPU
		{8430DD36-825E-421A-8DD3-93D273C95F21}.Debug|ARM64.Build.0 = Debug|Any CPU
		{8430DD36-825E-421A-8DD3-93D273C95F21}.Debug|iPhone.ActiveCfg = Debug|Any CPU
		{8430DD36-825E-421A-8DD3-93D273C95F21}.Debug|iPhone.Build.0 = Debug|Any CPU
		{8430DD36-825E-421A-8DD3-93D273C95F21}.Debug|iPhoneSimulator.ActiveCfg = Debug|Any CPU
		{8430DD36-825E-421A-8DD3-93D273C95F21}.Debug|iPhoneSimulator.Build.0 = Debug|Any CPU
		{8430DD36-825E-421A-8DD3-93D273C95F21}.Debug|x64.ActiveCfg = Debug|Any CPU
		{8430DD36-825E-421A-8DD3-93D273C95F21}.Debug|x64.Build.0 = Debug|Any CPU
		{8430DD36-825E-421A-8DD3-93D273C95F21}.Debug|x86.ActiveCfg = Debug|Any CPU
		{8430DD36-825E-421A-8DD3-93D273C95F21}.Debug|x86.Build.0 = Debug|Any CPU
		{8430DD36-825E-421A-8DD3-93D273C95F21}.Release|Any CPU.ActiveCfg = Release|Any CPU
		{8430DD36-825E-421A-8DD3-93D273C95F21}.Release|Any CPU.Build.0 = Release|Any CPU
		{8430DD36-825E-421A-8DD3-93D273C95F21}.Release|ARM.ActiveCfg = Release|Any CPU
		{8430DD36-825E-421A-8DD3-93D273C95F21}.Release|ARM.Build.0 = Release|Any CPU
		{8430DD36-825E-421A-8DD3-93D273C95F21}.Release|ARM64.ActiveCfg = Release|Any CPU
		{8430DD36-825E-421A-8DD3-93D273C95F21}.Release|ARM64.Build.0 = Release|Any CPU
		{8430DD36-825E-421A-8DD3-93D273C95F21}.Release|iPhone.ActiveCfg = Release|Any CPU
		{8430DD36-825E-421A-8DD3-93D273C95F21}.Release|iPhone.Build.0 = Release|Any CPU
		{8430DD36-825E-421A-8DD3-93D273C95F21}.Release|iPhoneSimulator.ActiveCfg = Release|Any CPU
		{8430DD36-825E-421A-8DD3-93D273C95F21}.Release|iPhoneSimulator.Build.0 = Release|Any CPU
		{8430DD36-825E-421A-8DD3-93D273C95F21}.Release|x64.ActiveCfg = Release|Any CPU
		{8430DD36-825E-421A-8DD3-93D273C95F21}.Release|x64.Build.0 = Release|Any CPU
		{8430DD36-825E-421A-8DD3-93D273C95F21}.Release|x86.ActiveCfg = Release|Any CPU
		{8430DD36-825E-421A-8DD3-93D273C95F21}.Release|x86.Build.0 = Release|Any CPU
		{28555EAD-D9FE-4033-BE37-2E2C3841D26A}.Debug|Any CPU.ActiveCfg = Debug|Any CPU
		{28555EAD-D9FE-4033-BE37-2E2C3841D26A}.Debug|Any CPU.Build.0 = Debug|Any CPU
		{28555EAD-D9FE-4033-BE37-2E2C3841D26A}.Debug|Any CPU.Deploy.0 = Debug|Any CPU
		{28555EAD-D9FE-4033-BE37-2E2C3841D26A}.Debug|ARM.ActiveCfg = Debug|ARM
		{28555EAD-D9FE-4033-BE37-2E2C3841D26A}.Debug|ARM.Build.0 = Debug|ARM
		{28555EAD-D9FE-4033-BE37-2E2C3841D26A}.Debug|ARM.Deploy.0 = Debug|ARM
		{28555EAD-D9FE-4033-BE37-2E2C3841D26A}.Debug|ARM64.ActiveCfg = Debug|ARM64
		{28555EAD-D9FE-4033-BE37-2E2C3841D26A}.Debug|ARM64.Build.0 = Debug|ARM64
		{28555EAD-D9FE-4033-BE37-2E2C3841D26A}.Debug|ARM64.Deploy.0 = Debug|ARM64
		{28555EAD-D9FE-4033-BE37-2E2C3841D26A}.Debug|iPhone.ActiveCfg = Debug|Any CPU
		{28555EAD-D9FE-4033-BE37-2E2C3841D26A}.Debug|iPhone.Build.0 = Debug|Any CPU
		{28555EAD-D9FE-4033-BE37-2E2C3841D26A}.Debug|iPhone.Deploy.0 = Debug|Any CPU
		{28555EAD-D9FE-4033-BE37-2E2C3841D26A}.Debug|iPhoneSimulator.ActiveCfg = Debug|Any CPU
		{28555EAD-D9FE-4033-BE37-2E2C3841D26A}.Debug|iPhoneSimulator.Build.0 = Debug|Any CPU
		{28555EAD-D9FE-4033-BE37-2E2C3841D26A}.Debug|iPhoneSimulator.Deploy.0 = Debug|Any CPU
		{28555EAD-D9FE-4033-BE37-2E2C3841D26A}.Debug|x64.ActiveCfg = Debug|x64
		{28555EAD-D9FE-4033-BE37-2E2C3841D26A}.Debug|x64.Build.0 = Debug|x64
		{28555EAD-D9FE-4033-BE37-2E2C3841D26A}.Debug|x64.Deploy.0 = Debug|x64
		{28555EAD-D9FE-4033-BE37-2E2C3841D26A}.Debug|x86.ActiveCfg = Debug|x86
		{28555EAD-D9FE-4033-BE37-2E2C3841D26A}.Debug|x86.Build.0 = Debug|x86
		{28555EAD-D9FE-4033-BE37-2E2C3841D26A}.Debug|x86.Deploy.0 = Debug|x86
		{28555EAD-D9FE-4033-BE37-2E2C3841D26A}.Release|Any CPU.ActiveCfg = Release|Any CPU
		{28555EAD-D9FE-4033-BE37-2E2C3841D26A}.Release|Any CPU.Build.0 = Release|Any CPU
		{28555EAD-D9FE-4033-BE37-2E2C3841D26A}.Release|Any CPU.Deploy.0 = Release|Any CPU
		{28555EAD-D9FE-4033-BE37-2E2C3841D26A}.Release|ARM.ActiveCfg = Release|ARM
		{28555EAD-D9FE-4033-BE37-2E2C3841D26A}.Release|ARM.Build.0 = Release|ARM
		{28555EAD-D9FE-4033-BE37-2E2C3841D26A}.Release|ARM.Deploy.0 = Release|ARM
		{28555EAD-D9FE-4033-BE37-2E2C3841D26A}.Release|ARM64.ActiveCfg = Release|ARM64
		{28555EAD-D9FE-4033-BE37-2E2C3841D26A}.Release|ARM64.Build.0 = Release|ARM64
		{28555EAD-D9FE-4033-BE37-2E2C3841D26A}.Release|ARM64.Deploy.0 = Release|ARM64
		{28555EAD-D9FE-4033-BE37-2E2C3841D26A}.Release|iPhone.ActiveCfg = Release|Any CPU
		{28555EAD-D9FE-4033-BE37-2E2C3841D26A}.Release|iPhone.Build.0 = Release|Any CPU
		{28555EAD-D9FE-4033-BE37-2E2C3841D26A}.Release|iPhone.Deploy.0 = Release|Any CPU
		{28555EAD-D9FE-4033-BE37-2E2C3841D26A}.Release|iPhoneSimulator.ActiveCfg = Release|Any CPU
		{28555EAD-D9FE-4033-BE37-2E2C3841D26A}.Release|iPhoneSimulator.Build.0 = Release|Any CPU
		{28555EAD-D9FE-4033-BE37-2E2C3841D26A}.Release|iPhoneSimulator.Deploy.0 = Release|Any CPU
		{28555EAD-D9FE-4033-BE37-2E2C3841D26A}.Release|x64.ActiveCfg = Release|x64
		{28555EAD-D9FE-4033-BE37-2E2C3841D26A}.Release|x64.Build.0 = Release|x64
		{28555EAD-D9FE-4033-BE37-2E2C3841D26A}.Release|x64.Deploy.0 = Release|x64
		{28555EAD-D9FE-4033-BE37-2E2C3841D26A}.Release|x86.ActiveCfg = Release|x86
		{28555EAD-D9FE-4033-BE37-2E2C3841D26A}.Release|x86.Build.0 = Release|x86
		{28555EAD-D9FE-4033-BE37-2E2C3841D26A}.Release|x86.Deploy.0 = Release|x86
		{54FA477F-36D9-46FB-A6CB-5CE19678754C}.Debug|Any CPU.ActiveCfg = Debug|Any CPU
		{54FA477F-36D9-46FB-A6CB-5CE19678754C}.Debug|Any CPU.Build.0 = Debug|Any CPU
		{54FA477F-36D9-46FB-A6CB-5CE19678754C}.Debug|ARM.ActiveCfg = Debug|Any CPU
		{54FA477F-36D9-46FB-A6CB-5CE19678754C}.Debug|ARM.Build.0 = Debug|Any CPU
		{54FA477F-36D9-46FB-A6CB-5CE19678754C}.Debug|ARM64.ActiveCfg = Debug|Any CPU
		{54FA477F-36D9-46FB-A6CB-5CE19678754C}.Debug|ARM64.Build.0 = Debug|Any CPU
		{54FA477F-36D9-46FB-A6CB-5CE19678754C}.Debug|iPhone.ActiveCfg = Debug|Any CPU
		{54FA477F-36D9-46FB-A6CB-5CE19678754C}.Debug|iPhone.Build.0 = Debug|Any CPU
		{54FA477F-36D9-46FB-A6CB-5CE19678754C}.Debug|iPhoneSimulator.ActiveCfg = Debug|Any CPU
		{54FA477F-36D9-46FB-A6CB-5CE19678754C}.Debug|iPhoneSimulator.Build.0 = Debug|Any CPU
		{54FA477F-36D9-46FB-A6CB-5CE19678754C}.Debug|x64.ActiveCfg = Debug|Any CPU
		{54FA477F-36D9-46FB-A6CB-5CE19678754C}.Debug|x64.Build.0 = Debug|Any CPU
		{54FA477F-36D9-46FB-A6CB-5CE19678754C}.Debug|x86.ActiveCfg = Debug|Any CPU
		{54FA477F-36D9-46FB-A6CB-5CE19678754C}.Debug|x86.Build.0 = Debug|Any CPU
		{54FA477F-36D9-46FB-A6CB-5CE19678754C}.Release|Any CPU.ActiveCfg = Release|Any CPU
		{54FA477F-36D9-46FB-A6CB-5CE19678754C}.Release|Any CPU.Build.0 = Release|Any CPU
		{54FA477F-36D9-46FB-A6CB-5CE19678754C}.Release|ARM.ActiveCfg = Release|Any CPU
		{54FA477F-36D9-46FB-A6CB-5CE19678754C}.Release|ARM.Build.0 = Release|Any CPU
		{54FA477F-36D9-46FB-A6CB-5CE19678754C}.Release|ARM64.ActiveCfg = Release|Any CPU
		{54FA477F-36D9-46FB-A6CB-5CE19678754C}.Release|ARM64.Build.0 = Release|Any CPU
		{54FA477F-36D9-46FB-A6CB-5CE19678754C}.Release|iPhone.ActiveCfg = Release|Any CPU
		{54FA477F-36D9-46FB-A6CB-5CE19678754C}.Release|iPhone.Build.0 = Release|Any CPU
		{54FA477F-36D9-46FB-A6CB-5CE19678754C}.Release|iPhoneSimulator.ActiveCfg = Release|Any CPU
		{54FA477F-36D9-46FB-A6CB-5CE19678754C}.Release|iPhoneSimulator.Build.0 = Release|Any CPU
		{54FA477F-36D9-46FB-A6CB-5CE19678754C}.Release|x64.ActiveCfg = Release|Any CPU
		{54FA477F-36D9-46FB-A6CB-5CE19678754C}.Release|x64.Build.0 = Release|Any CPU
		{54FA477F-36D9-46FB-A6CB-5CE19678754C}.Release|x86.ActiveCfg = Release|Any CPU
		{54FA477F-36D9-46FB-A6CB-5CE19678754C}.Release|x86.Build.0 = Release|Any CPU
		{79494F01-465E-478A-A221-B0BDB6E2C91C}.Debug|Any CPU.ActiveCfg = Debug|Any CPU
		{79494F01-465E-478A-A221-B0BDB6E2C91C}.Debug|Any CPU.Build.0 = Debug|Any CPU
		{79494F01-465E-478A-A221-B0BDB6E2C91C}.Debug|Any CPU.Deploy.0 = Debug|Any CPU
		{79494F01-465E-478A-A221-B0BDB6E2C91C}.Debug|ARM.ActiveCfg = Debug|Any CPU
		{79494F01-465E-478A-A221-B0BDB6E2C91C}.Debug|ARM.Build.0 = Debug|Any CPU
		{79494F01-465E-478A-A221-B0BDB6E2C91C}.Debug|ARM.Deploy.0 = Debug|Any CPU
		{79494F01-465E-478A-A221-B0BDB6E2C91C}.Debug|ARM64.ActiveCfg = Debug|Any CPU
		{79494F01-465E-478A-A221-B0BDB6E2C91C}.Debug|ARM64.Build.0 = Debug|Any CPU
		{79494F01-465E-478A-A221-B0BDB6E2C91C}.Debug|ARM64.Deploy.0 = Debug|Any CPU
		{79494F01-465E-478A-A221-B0BDB6E2C91C}.Debug|iPhone.ActiveCfg = Debug|Any CPU
		{79494F01-465E-478A-A221-B0BDB6E2C91C}.Debug|iPhone.Build.0 = Debug|Any CPU
		{79494F01-465E-478A-A221-B0BDB6E2C91C}.Debug|iPhone.Deploy.0 = Debug|Any CPU
		{79494F01-465E-478A-A221-B0BDB6E2C91C}.Debug|iPhoneSimulator.ActiveCfg = Debug|Any CPU
		{79494F01-465E-478A-A221-B0BDB6E2C91C}.Debug|iPhoneSimulator.Build.0 = Debug|Any CPU
		{79494F01-465E-478A-A221-B0BDB6E2C91C}.Debug|iPhoneSimulator.Deploy.0 = Debug|Any CPU
		{79494F01-465E-478A-A221-B0BDB6E2C91C}.Debug|x64.ActiveCfg = Debug|Any CPU
		{79494F01-465E-478A-A221-B0BDB6E2C91C}.Debug|x64.Build.0 = Debug|Any CPU
		{79494F01-465E-478A-A221-B0BDB6E2C91C}.Debug|x64.Deploy.0 = Debug|Any CPU
		{79494F01-465E-478A-A221-B0BDB6E2C91C}.Debug|x86.ActiveCfg = Debug|Any CPU
		{79494F01-465E-478A-A221-B0BDB6E2C91C}.Debug|x86.Build.0 = Debug|Any CPU
		{79494F01-465E-478A-A221-B0BDB6E2C91C}.Debug|x86.Deploy.0 = Debug|Any CPU
		{79494F01-465E-478A-A221-B0BDB6E2C91C}.Release|Any CPU.ActiveCfg = Release|Any CPU
		{79494F01-465E-478A-A221-B0BDB6E2C91C}.Release|Any CPU.Build.0 = Release|Any CPU
		{79494F01-465E-478A-A221-B0BDB6E2C91C}.Release|Any CPU.Deploy.0 = Release|Any CPU
		{79494F01-465E-478A-A221-B0BDB6E2C91C}.Release|ARM.ActiveCfg = Release|Any CPU
		{79494F01-465E-478A-A221-B0BDB6E2C91C}.Release|ARM.Build.0 = Release|Any CPU
		{79494F01-465E-478A-A221-B0BDB6E2C91C}.Release|ARM.Deploy.0 = Release|Any CPU
		{79494F01-465E-478A-A221-B0BDB6E2C91C}.Release|ARM64.ActiveCfg = Release|Any CPU
		{79494F01-465E-478A-A221-B0BDB6E2C91C}.Release|ARM64.Build.0 = Release|Any CPU
		{79494F01-465E-478A-A221-B0BDB6E2C91C}.Release|ARM64.Deploy.0 = Release|Any CPU
		{79494F01-465E-478A-A221-B0BDB6E2C91C}.Release|iPhone.ActiveCfg = Release|Any CPU
		{79494F01-465E-478A-A221-B0BDB6E2C91C}.Release|iPhone.Build.0 = Release|Any CPU
		{79494F01-465E-478A-A221-B0BDB6E2C91C}.Release|iPhone.Deploy.0 = Release|Any CPU
		{79494F01-465E-478A-A221-B0BDB6E2C91C}.Release|iPhoneSimulator.ActiveCfg = Release|Any CPU
		{79494F01-465E-478A-A221-B0BDB6E2C91C}.Release|iPhoneSimulator.Build.0 = Release|Any CPU
		{79494F01-465E-478A-A221-B0BDB6E2C91C}.Release|iPhoneSimulator.Deploy.0 = Release|Any CPU
		{79494F01-465E-478A-A221-B0BDB6E2C91C}.Release|x64.ActiveCfg = Release|Any CPU
		{79494F01-465E-478A-A221-B0BDB6E2C91C}.Release|x64.Build.0 = Release|Any CPU
		{79494F01-465E-478A-A221-B0BDB6E2C91C}.Release|x64.Deploy.0 = Release|Any CPU
		{79494F01-465E-478A-A221-B0BDB6E2C91C}.Release|x86.ActiveCfg = Release|Any CPU
		{79494F01-465E-478A-A221-B0BDB6E2C91C}.Release|x86.Build.0 = Release|Any CPU
		{79494F01-465E-478A-A221-B0BDB6E2C91C}.Release|x86.Deploy.0 = Release|Any CPU
		{5A8A1BD5-B6F3-4FF0-8097-9AC2970F0E0C}.Debug|Any CPU.ActiveCfg = Debug|iPhoneSimulator
		{5A8A1BD5-B6F3-4FF0-8097-9AC2970F0E0C}.Debug|ARM.ActiveCfg = Debug|iPhoneSimulator
		{5A8A1BD5-B6F3-4FF0-8097-9AC2970F0E0C}.Debug|ARM64.ActiveCfg = Debug|iPhoneSimulator
		{5A8A1BD5-B6F3-4FF0-8097-9AC2970F0E0C}.Debug|iPhone.ActiveCfg = Debug|iPhone
		{5A8A1BD5-B6F3-4FF0-8097-9AC2970F0E0C}.Debug|iPhone.Build.0 = Debug|iPhone
		{5A8A1BD5-B6F3-4FF0-8097-9AC2970F0E0C}.Debug|iPhoneSimulator.ActiveCfg = Debug|iPhoneSimulator
		{5A8A1BD5-B6F3-4FF0-8097-9AC2970F0E0C}.Debug|iPhoneSimulator.Build.0 = Debug|iPhoneSimulator
		{5A8A1BD5-B6F3-4FF0-8097-9AC2970F0E0C}.Debug|x64.ActiveCfg = Debug|iPhoneSimulator
		{5A8A1BD5-B6F3-4FF0-8097-9AC2970F0E0C}.Debug|x86.ActiveCfg = Debug|iPhoneSimulator
		{5A8A1BD5-B6F3-4FF0-8097-9AC2970F0E0C}.Release|Any CPU.ActiveCfg = Release|iPhoneSimulator
		{5A8A1BD5-B6F3-4FF0-8097-9AC2970F0E0C}.Release|ARM.ActiveCfg = Release|iPhoneSimulator
		{5A8A1BD5-B6F3-4FF0-8097-9AC2970F0E0C}.Release|ARM64.ActiveCfg = Release|iPhoneSimulator
		{5A8A1BD5-B6F3-4FF0-8097-9AC2970F0E0C}.Release|iPhone.ActiveCfg = Release|iPhone
		{5A8A1BD5-B6F3-4FF0-8097-9AC2970F0E0C}.Release|iPhone.Build.0 = Release|iPhone
		{5A8A1BD5-B6F3-4FF0-8097-9AC2970F0E0C}.Release|iPhoneSimulator.ActiveCfg = Release|iPhoneSimulator
		{5A8A1BD5-B6F3-4FF0-8097-9AC2970F0E0C}.Release|iPhoneSimulator.Build.0 = Release|iPhoneSimulator
		{5A8A1BD5-B6F3-4FF0-8097-9AC2970F0E0C}.Release|x64.ActiveCfg = Release|iPhoneSimulator
		{5A8A1BD5-B6F3-4FF0-8097-9AC2970F0E0C}.Release|x86.ActiveCfg = Release|iPhoneSimulator
		{04201704-C140-4270-A708-B38B2836B5CD}.Debug|Any CPU.ActiveCfg = Debug|Any CPU
		{04201704-C140-4270-A708-B38B2836B5CD}.Debug|Any CPU.Build.0 = Debug|Any CPU
		{04201704-C140-4270-A708-B38B2836B5CD}.Debug|ARM.ActiveCfg = Debug|Any CPU
		{04201704-C140-4270-A708-B38B2836B5CD}.Debug|ARM.Build.0 = Debug|Any CPU
		{04201704-C140-4270-A708-B38B2836B5CD}.Debug|ARM64.ActiveCfg = Debug|Any CPU
		{04201704-C140-4270-A708-B38B2836B5CD}.Debug|ARM64.Build.0 = Debug|Any CPU
		{04201704-C140-4270-A708-B38B2836B5CD}.Debug|iPhone.ActiveCfg = Debug|Any CPU
		{04201704-C140-4270-A708-B38B2836B5CD}.Debug|iPhone.Build.0 = Debug|Any CPU
		{04201704-C140-4270-A708-B38B2836B5CD}.Debug|iPhoneSimulator.ActiveCfg = Debug|Any CPU
		{04201704-C140-4270-A708-B38B2836B5CD}.Debug|iPhoneSimulator.Build.0 = Debug|Any CPU
		{04201704-C140-4270-A708-B38B2836B5CD}.Debug|x64.ActiveCfg = Debug|Any CPU
		{04201704-C140-4270-A708-B38B2836B5CD}.Debug|x64.Build.0 = Debug|Any CPU
		{04201704-C140-4270-A708-B38B2836B5CD}.Debug|x86.ActiveCfg = Debug|Any CPU
		{04201704-C140-4270-A708-B38B2836B5CD}.Debug|x86.Build.0 = Debug|Any CPU
		{04201704-C140-4270-A708-B38B2836B5CD}.Release|Any CPU.ActiveCfg = Release|Any CPU
		{04201704-C140-4270-A708-B38B2836B5CD}.Release|Any CPU.Build.0 = Release|Any CPU
		{04201704-C140-4270-A708-B38B2836B5CD}.Release|ARM.ActiveCfg = Release|Any CPU
		{04201704-C140-4270-A708-B38B2836B5CD}.Release|ARM.Build.0 = Release|Any CPU
		{04201704-C140-4270-A708-B38B2836B5CD}.Release|ARM64.ActiveCfg = Release|Any CPU
		{04201704-C140-4270-A708-B38B2836B5CD}.Release|ARM64.Build.0 = Release|Any CPU
		{04201704-C140-4270-A708-B38B2836B5CD}.Release|iPhone.ActiveCfg = Release|Any CPU
		{04201704-C140-4270-A708-B38B2836B5CD}.Release|iPhone.Build.0 = Release|Any CPU
		{04201704-C140-4270-A708-B38B2836B5CD}.Release|iPhoneSimulator.ActiveCfg = Release|Any CPU
		{04201704-C140-4270-A708-B38B2836B5CD}.Release|iPhoneSimulator.Build.0 = Release|Any CPU
		{04201704-C140-4270-A708-B38B2836B5CD}.Release|x64.ActiveCfg = Release|Any CPU
		{04201704-C140-4270-A708-B38B2836B5CD}.Release|x64.Build.0 = Release|Any CPU
		{04201704-C140-4270-A708-B38B2836B5CD}.Release|x86.ActiveCfg = Release|Any CPU
		{04201704-C140-4270-A708-B38B2836B5CD}.Release|x86.Build.0 = Release|Any CPU
		{2110D13C-CBBD-4541-B34D-7D03B74A4B52}.Debug|Any CPU.ActiveCfg = Debug|Any CPU
		{2110D13C-CBBD-4541-B34D-7D03B74A4B52}.Debug|Any CPU.Build.0 = Debug|Any CPU
		{2110D13C-CBBD-4541-B34D-7D03B74A4B52}.Debug|ARM.ActiveCfg = Debug|Any CPU
		{2110D13C-CBBD-4541-B34D-7D03B74A4B52}.Debug|ARM.Build.0 = Debug|Any CPU
		{2110D13C-CBBD-4541-B34D-7D03B74A4B52}.Debug|ARM64.ActiveCfg = Debug|Any CPU
		{2110D13C-CBBD-4541-B34D-7D03B74A4B52}.Debug|ARM64.Build.0 = Debug|Any CPU
		{2110D13C-CBBD-4541-B34D-7D03B74A4B52}.Debug|iPhone.ActiveCfg = Debug|Any CPU
		{2110D13C-CBBD-4541-B34D-7D03B74A4B52}.Debug|iPhone.Build.0 = Debug|Any CPU
		{2110D13C-CBBD-4541-B34D-7D03B74A4B52}.Debug|iPhoneSimulator.ActiveCfg = Debug|Any CPU
		{2110D13C-CBBD-4541-B34D-7D03B74A4B52}.Debug|iPhoneSimulator.Build.0 = Debug|Any CPU
		{2110D13C-CBBD-4541-B34D-7D03B74A4B52}.Debug|x64.ActiveCfg = Debug|Any CPU
		{2110D13C-CBBD-4541-B34D-7D03B74A4B52}.Debug|x64.Build.0 = Debug|Any CPU
		{2110D13C-CBBD-4541-B34D-7D03B74A4B52}.Debug|x86.ActiveCfg = Debug|Any CPU
		{2110D13C-CBBD-4541-B34D-7D03B74A4B52}.Debug|x86.Build.0 = Debug|Any CPU
		{2110D13C-CBBD-4541-B34D-7D03B74A4B52}.Release|Any CPU.ActiveCfg = Release|Any CPU
		{2110D13C-CBBD-4541-B34D-7D03B74A4B52}.Release|Any CPU.Build.0 = Release|Any CPU
		{2110D13C-CBBD-4541-B34D-7D03B74A4B52}.Release|ARM.ActiveCfg = Release|Any CPU
		{2110D13C-CBBD-4541-B34D-7D03B74A4B52}.Release|ARM.Build.0 = Release|Any CPU
		{2110D13C-CBBD-4541-B34D-7D03B74A4B52}.Release|ARM64.ActiveCfg = Release|Any CPU
		{2110D13C-CBBD-4541-B34D-7D03B74A4B52}.Release|ARM64.Build.0 = Release|Any CPU
		{2110D13C-CBBD-4541-B34D-7D03B74A4B52}.Release|iPhone.ActiveCfg = Release|Any CPU
		{2110D13C-CBBD-4541-B34D-7D03B74A4B52}.Release|iPhone.Build.0 = Release|Any CPU
		{2110D13C-CBBD-4541-B34D-7D03B74A4B52}.Release|iPhoneSimulator.ActiveCfg = Release|Any CPU
		{2110D13C-CBBD-4541-B34D-7D03B74A4B52}.Release|iPhoneSimulator.Build.0 = Release|Any CPU
		{2110D13C-CBBD-4541-B34D-7D03B74A4B52}.Release|x64.ActiveCfg = Release|Any CPU
		{2110D13C-CBBD-4541-B34D-7D03B74A4B52}.Release|x64.Build.0 = Release|Any CPU
		{2110D13C-CBBD-4541-B34D-7D03B74A4B52}.Release|x86.ActiveCfg = Release|Any CPU
		{2110D13C-CBBD-4541-B34D-7D03B74A4B52}.Release|x86.Build.0 = Release|Any CPU
		{7803F5F4-6064-4A7B-83F6-266A4CEEB3E9}.Debug|Any CPU.ActiveCfg = Debug|Any CPU
		{7803F5F4-6064-4A7B-83F6-266A4CEEB3E9}.Debug|Any CPU.Build.0 = Debug|Any CPU
		{7803F5F4-6064-4A7B-83F6-266A4CEEB3E9}.Debug|ARM.ActiveCfg = Debug|Any CPU
		{7803F5F4-6064-4A7B-83F6-266A4CEEB3E9}.Debug|ARM.Build.0 = Debug|Any CPU
		{7803F5F4-6064-4A7B-83F6-266A4CEEB3E9}.Debug|ARM64.ActiveCfg = Debug|Any CPU
		{7803F5F4-6064-4A7B-83F6-266A4CEEB3E9}.Debug|ARM64.Build.0 = Debug|Any CPU
		{7803F5F4-6064-4A7B-83F6-266A4CEEB3E9}.Debug|iPhone.ActiveCfg = Debug|Any CPU
		{7803F5F4-6064-4A7B-83F6-266A4CEEB3E9}.Debug|iPhone.Build.0 = Debug|Any CPU
		{7803F5F4-6064-4A7B-83F6-266A4CEEB3E9}.Debug|iPhoneSimulator.ActiveCfg = Debug|Any CPU
		{7803F5F4-6064-4A7B-83F6-266A4CEEB3E9}.Debug|iPhoneSimulator.Build.0 = Debug|Any CPU
		{7803F5F4-6064-4A7B-83F6-266A4CEEB3E9}.Debug|x64.ActiveCfg = Debug|Any CPU
		{7803F5F4-6064-4A7B-83F6-266A4CEEB3E9}.Debug|x64.Build.0 = Debug|Any CPU
		{7803F5F4-6064-4A7B-83F6-266A4CEEB3E9}.Debug|x86.ActiveCfg = Debug|Any CPU
		{7803F5F4-6064-4A7B-83F6-266A4CEEB3E9}.Debug|x86.Build.0 = Debug|Any CPU
		{7803F5F4-6064-4A7B-83F6-266A4CEEB3E9}.Release|Any CPU.ActiveCfg = Release|Any CPU
		{7803F5F4-6064-4A7B-83F6-266A4CEEB3E9}.Release|Any CPU.Build.0 = Release|Any CPU
		{7803F5F4-6064-4A7B-83F6-266A4CEEB3E9}.Release|ARM.ActiveCfg = Release|Any CPU
		{7803F5F4-6064-4A7B-83F6-266A4CEEB3E9}.Release|ARM.Build.0 = Release|Any CPU
		{7803F5F4-6064-4A7B-83F6-266A4CEEB3E9}.Release|ARM64.ActiveCfg = Release|Any CPU
		{7803F5F4-6064-4A7B-83F6-266A4CEEB3E9}.Release|ARM64.Build.0 = Release|Any CPU
		{7803F5F4-6064-4A7B-83F6-266A4CEEB3E9}.Release|iPhone.ActiveCfg = Release|Any CPU
		{7803F5F4-6064-4A7B-83F6-266A4CEEB3E9}.Release|iPhone.Build.0 = Release|Any CPU
		{7803F5F4-6064-4A7B-83F6-266A4CEEB3E9}.Release|iPhoneSimulator.ActiveCfg = Release|Any CPU
		{7803F5F4-6064-4A7B-83F6-266A4CEEB3E9}.Release|iPhoneSimulator.Build.0 = Release|Any CPU
		{7803F5F4-6064-4A7B-83F6-266A4CEEB3E9}.Release|x64.ActiveCfg = Release|Any CPU
		{7803F5F4-6064-4A7B-83F6-266A4CEEB3E9}.Release|x64.Build.0 = Release|Any CPU
		{7803F5F4-6064-4A7B-83F6-266A4CEEB3E9}.Release|x86.ActiveCfg = Release|Any CPU
		{7803F5F4-6064-4A7B-83F6-266A4CEEB3E9}.Release|x86.Build.0 = Release|Any CPU
	EndGlobalSection
	GlobalSection(SolutionProperties) = preSolution
		HideSolutionNode = FALSE
	EndGlobalSection
	GlobalSection(NestedProjects) = preSolution
		{8430DD36-825E-421A-8DD3-93D273C95F21} = {50141AEF-D838-4B96-9F8D-C24631C83F47}
		{28555EAD-D9FE-4033-BE37-2E2C3841D26A} = {5F2864F2-CA21-420B-A5F7-167A82636D29}
		{54FA477F-36D9-46FB-A6CB-5CE19678754C} = {797BA350-5040-4E7A-9335-85AFEF6BFE02}
		{79494F01-465E-478A-A221-B0BDB6E2C91C} = {5F807BBE-2B48-44BB-A858-203D444C193C}
		{5A8A1BD5-B6F3-4FF0-8097-9AC2970F0E0C} = {5F807BBE-2B48-44BB-A858-203D444C193C}
		{04201704-C140-4270-A708-B38B2836B5CD} = {797BA350-5040-4E7A-9335-85AFEF6BFE02}
		{2110D13C-CBBD-4541-B34D-7D03B74A4B52} = {797BA350-5040-4E7A-9335-85AFEF6BFE02}
		{7803F5F4-6064-4A7B-83F6-266A4CEEB3E9} = {5F2864F2-CA21-420B-A5F7-167A82636D29}
	EndGlobalSection
	GlobalSection(ExtensibilityGlobals) = postSolution
		SolutionGuid = {BA96F344-B1B9-45BF-AFBC-1DC29B30626C}
	EndGlobalSection
EndGlobal
