
Microsoft Visual Studio Solution File, Format Version 12.00
# Visual Studio Version 16
VisualStudioVersion = 16.0.30614.203
MinimumVisualStudioVersion = 10.0.40219.1
Project("{9A19103F-16F7-4668-BE54-9A1E7A4F7556}") = "BlackBoardWinForms", "BlackBoardWinForms\BlackBoardWinForms.csproj", "{52177193-F252-4165-9D1D-C20D84D07E8B}"
EndProject
Project("{9A19103F-16F7-4668-BE54-9A1E7A4F7556}") = "BlackBoardWebApi", "BlackBoardWebApi\BlackBoardWebApi.csproj", "{8430DD36-825E-421A-8DD3-93D273C95F21}"
EndProject
Project("{C7167F0D-BC9F-4E6E-AFE1-012C56B48DB5}") = "BlackBoardPackage", "BlackBoardPackage\BlackBoardPackage.wapproj", "{28555EAD-D9FE-4033-BE37-2E2C3841D26A}"
EndProject
Global
	GlobalSection(SolutionConfigurationPlatforms) = preSolution
		Debug|Any CPU = Debug|Any CPU
		Debug|ARM = Debug|ARM
		Debug|ARM64 = Debug|ARM64
		Debug|x64 = Debug|x64
		Debug|x86 = Debug|x86
		Release|Any CPU = Release|Any CPU
		Release|ARM = Release|ARM
		Release|ARM64 = Release|ARM64
		Release|x64 = Release|x64
		Release|x86 = Release|x86
	EndGlobalSection
	GlobalSection(ProjectConfigurationPlatforms) = postSolution
		{52177193-F252-4165-9D1D-C20D84D07E8B}.Debug|Any CPU.ActiveCfg = Debug|Any CPU
		{52177193-F252-4165-9D1D-C20D84D07E8B}.Debug|Any CPU.Build.0 = Debug|Any CPU
		{52177193-F252-4165-9D1D-C20D84D07E8B}.Debug|ARM.ActiveCfg = Debug|Any CPU
		{52177193-F252-4165-9D1D-C20D84D07E8B}.Debug|ARM.Build.0 = Debug|Any CPU
		{52177193-F252-4165-9D1D-C20D84D07E8B}.Debug|ARM64.ActiveCfg = Debug|Any CPU
		{52177193-F252-4165-9D1D-C20D84D07E8B}.Debug|ARM64.Build.0 = Debug|Any CPU
		{52177193-F252-4165-9D1D-C20D84D07E8B}.Debug|x64.ActiveCfg = Debug|Any CPU
		{52177193-F252-4165-9D1D-C20D84D07E8B}.Debug|x64.Build.0 = Debug|Any CPU
		{52177193-F252-4165-9D1D-C20D84D07E8B}.Debug|x86.ActiveCfg = Debug|Any CPU
		{52177193-F252-4165-9D1D-C20D84D07E8B}.Debug|x86.Build.0 = Debug|Any CPU
		{52177193-F252-4165-9D1D-C20D84D07E8B}.Release|Any CPU.ActiveCfg = Release|Any CPU
		{52177193-F252-4165-9D1D-C20D84D07E8B}.Release|Any CPU.Build.0 = Release|Any CPU
		{52177193-F252-4165-9D1D-C20D84D07E8B}.Release|ARM.ActiveCfg = Release|Any CPU
		{52177193-F252-4165-9D1D-C20D84D07E8B}.Release|ARM.Build.0 = Release|Any CPU
		{52177193-F252-4165-9D1D-C20D84D07E8B}.Release|ARM64.ActiveCfg = Release|Any CPU
		{52177193-F252-4165-9D1D-C20D84D07E8B}.Release|ARM64.Build.0 = Release|Any CPU
		{52177193-F252-4165-9D1D-C20D84D07E8B}.Release|x64.ActiveCfg = Release|Any CPU
		{52177193-F252-4165-9D1D-C20D84D07E8B}.Release|x64.Build.0 = Release|Any CPU
		{52177193-F252-4165-9D1D-C20D84D07E8B}.Release|x86.ActiveCfg = Release|Any CPU
		{52177193-F252-4165-9D1D-C20D84D07E8B}.Release|x86.Build.0 = Release|Any CPU
		{8430DD36-825E-421A-8DD3-93D273C95F21}.Debug|Any CPU.ActiveCfg = Debug|Any CPU
		{8430DD36-825E-421A-8DD3-93D273C95F21}.Debug|Any CPU.Build.0 = Debug|Any CPU
		{8430DD36-825E-421A-8DD3-93D273C95F21}.Debug|ARM.ActiveCfg = Debug|Any CPU
		{8430DD36-825E-421A-8DD3-93D273C95F21}.Debug|ARM.Build.0 = Debug|Any CPU
		{8430DD36-825E-421A-8DD3-93D273C95F21}.Debug|ARM64.ActiveCfg = Debug|Any CPU
		{8430DD36-825E-421A-8DD3-93D273C95F21}.Debug|ARM64.Build.0 = Debug|Any CPU
		{8430DD36-825E-421A-8DD3-93D273C95F21}.Debug|x64.ActiveCfg = Debug|Any CPU
		{8430DD36-825E-421A-8DD3-93D273C95F21}.Debug|x64.Build.0 = Debug|Any CPU
		{8430DD36-825E-421A-8DD3-93D273C95F21}.Debug|x86.ActiveCfg = Debug|Any CPU
		{8430DD36-825E-421A-8DD3-93D273C95F21}.Debug|x86.Build.0 = Debug|Any CPU
		{8430DD36-825E-421A-8DD3-93D273C95F21}.Release|Any CPU.ActiveCfg = Release|Any CPU
		{8430DD36-825E-421A-8DD3-93D273C95F21}.Release|Any CPU.Build.0 = Release|Any CPU
		{8430DD36-825E-421A-8DD3-93D273C95F21}.Release|ARM.ActiveCfg = Release|Any CPU
		{8430DD36-825E-421A-8DD3-93D273C95F21}.Release|ARM.Build.0 = Release|Any CPU
		{8430DD36-825E-421A-8DD3-93D273C95F21}.Release|ARM64.ActiveCfg = Release|Any CPU
		{8430DD36-825E-421A-8DD3-93D273C95F21}.Release|ARM64.Build.0 = Release|Any CPU
		{8430DD36-825E-421A-8DD3-93D273C95F21}.Release|x64.ActiveCfg = Release|Any CPU
		{8430DD36-825E-421A-8DD3-93D273C95F21}.Release|x64.Build.0 = Release|Any CPU
		{8430DD36-825E-421A-8DD3-93D273C95F21}.Release|x86.ActiveCfg = Release|Any CPU
		{8430DD36-825E-421A-8DD3-93D273C95F21}.Release|x86.Build.0 = Release|Any CPU
		{28555EAD-D9FE-4033-BE37-2E2C3841D26A}.Debug|Any CPU.ActiveCfg = Debug|Any CPU
		{28555EAD-D9FE-4033-BE37-2E2C3841D26A}.Debug|Any CPU.Build.0 = Debug|Any CPU
		{28555EAD-D9FE-4033-BE37-2E2C3841D26A}.Debug|Any CPU.Deploy.0 = Debug|Any CPU
		{28555EAD-D9FE-4033-BE37-2E2C3841D26A}.Debug|ARM.ActiveCfg = Debug|ARM
		{28555EAD-D9FE-4033-BE37-2E2C3841D26A}.Debug|ARM.Build.0 = Debug|ARM
		{28555EAD-D9FE-4033-BE37-2E2C3841D26A}.Debug|ARM.Deploy.0 = Debug|ARM
		{28555EAD-D9FE-4033-BE37-2E2C3841D26A}.Debug|ARM64.ActiveCfg = Debug|ARM64
		{28555EAD-D9FE-4033-BE37-2E2C3841D26A}.Debug|ARM64.Build.0 = Debug|ARM64
		{28555EAD-D9FE-4033-BE37-2E2C3841D26A}.Debug|ARM64.Deploy.0 = Debug|ARM64
		{28555EAD-D9FE-4033-BE37-2E2C3841D26A}.Debug|x64.ActiveCfg = Debug|x64
		{28555EAD-D9FE-4033-BE37-2E2C3841D26A}.Debug|x64.Build.0 = Debug|x64
		{28555EAD-D9FE-4033-BE37-2E2C3841D26A}.Debug|x64.Deploy.0 = Debug|x64
		{28555EAD-D9FE-4033-BE37-2E2C3841D26A}.Debug|x86.ActiveCfg = Debug|x86
		{28555EAD-D9FE-4033-BE37-2E2C3841D26A}.Debug|x86.Build.0 = Debug|x86
		{28555EAD-D9FE-4033-BE37-2E2C3841D26A}.Debug|x86.Deploy.0 = Debug|x86
		{28555EAD-D9FE-4033-BE37-2E2C3841D26A}.Release|Any CPU.ActiveCfg = Release|Any CPU
		{28555EAD-D9FE-4033-BE37-2E2C3841D26A}.Release|Any CPU.Build.0 = Release|Any CPU
		{28555EAD-D9FE-4033-BE37-2E2C3841D26A}.Release|Any CPU.Deploy.0 = Release|Any CPU
		{28555EAD-D9FE-4033-BE37-2E2C3841D26A}.Release|ARM.ActiveCfg = Release|ARM
		{28555EAD-D9FE-4033-BE37-2E2C3841D26A}.Release|ARM.Build.0 = Release|ARM
		{28555EAD-D9FE-4033-BE37-2E2C3841D26A}.Release|ARM.Deploy.0 = Release|ARM
		{28555EAD-D9FE-4033-BE37-2E2C3841D26A}.Release|ARM64.ActiveCfg = Release|ARM64
		{28555EAD-D9FE-4033-BE37-2E2C3841D26A}.Release|ARM64.Build.0 = Release|ARM64
		{28555EAD-D9FE-4033-BE37-2E2C3841D26A}.Release|ARM64.Deploy.0 = Release|ARM64
		{28555EAD-D9FE-4033-BE37-2E2C3841D26A}.Release|x64.ActiveCfg = Release|x64
		{28555EAD-D9FE-4033-BE37-2E2C3841D26A}.Release|x64.Build.0 = Release|x64
		{28555EAD-D9FE-4033-BE37-2E2C3841D26A}.Release|x64.Deploy.0 = Release|x64
		{28555EAD-D9FE-4033-BE37-2E2C3841D26A}.Release|x86.ActiveCfg = Release|x86
		{28555EAD-D9FE-4033-BE37-2E2C3841D26A}.Release|x86.Build.0 = Release|x86
		{28555EAD-D9FE-4033-BE37-2E2C3841D26A}.Release|x86.Deploy.0 = Release|x86
	EndGlobalSection
	GlobalSection(SolutionProperties) = preSolution
		HideSolutionNode = FALSE
	EndGlobalSection
	GlobalSection(ExtensibilityGlobals) = postSolution
		SolutionGuid = {BA96F344-B1B9-45BF-AFBC-1DC29B30626C}
	EndGlobalSection
EndGlobal
